
Microsoft Visual Studio Solution File, Format Version 12.00
# Visual Studio Version 17
VisualStudioVersion = 17.9.34714.143
MinimumVisualStudioVersion = 10.0.40219.1
Project("{FAE04EC0-301F-11D3-BF4B-00C04F79EFBC}") = "Biblioteca.API", "Biblioteca.API\Biblioteca.API.csproj", "{50B9E715-F1F2-4992-A575-BCA049805532}"
EndProject
Project("{FAE04EC0-301F-11D3-BF4B-00C04F79EFBC}") = "Biblioteca.Infrastructure", "Biblioteca.Infrastructure\Biblioteca.Infrastructure.csproj", "{E91098B1-8B88-41D0-9292-2D1809538136}"
EndProject
Project("{FAE04EC0-301F-11D3-BF4B-00C04F79EFBC}") = "Biblioteca.Core", "Biblioteca.Core\Biblioteca.Core.csproj", "{FC20EE21-1049-48AF-A876-EE522111F75B}"
EndProject
Project("{FAE04EC0-301F-11D3-BF4B-00C04F79EFBC}") = "Biblioteca.Application", "Biblioteca.Application\Biblioteca.Application.csproj", "{2334F39C-C911-4AFC-9739-000BF2F15131}"
EndProject
Global
	GlobalSection(SolutionConfigurationPlatforms) = preSolution
		Debug|Any CPU = Debug|Any CPU
		Release|Any CPU = Release|Any CPU
	EndGlobalSection
	GlobalSection(ProjectConfigurationPlatforms) = postSolution
		{50B9E715-F1F2-4992-A575-BCA049805532}.Debug|Any CPU.ActiveCfg = Debug|Any CPU
		{50B9E715-F1F2-4992-A575-BCA049805532}.Debug|Any CPU.Build.0 = Debug|Any CPU
		{50B9E715-F1F2-4992-A575-BCA049805532}.Release|Any CPU.ActiveCfg = Release|Any CPU
		{50B9E715-F1F2-4992-A575-BCA049805532}.Release|Any CPU.Build.0 = Release|Any CPU
		{E91098B1-8B88-41D0-9292-2D1809538136}.Debug|Any CPU.ActiveCfg = Debug|Any CPU
		{E91098B1-8B88-41D0-9292-2D1809538136}.Debug|Any CPU.Build.0 = Debug|Any CPU
		{E91098B1-8B88-41D0-9292-2D1809538136}.Release|Any CPU.ActiveCfg = Release|Any CPU
		{E91098B1-8B88-41D0-9292-2D1809538136}.Release|Any CPU.Build.0 = Release|Any CPU
		{FC20EE21-1049-48AF-A876-EE522111F75B}.Debug|Any CPU.ActiveCfg = Debug|Any CPU
		{FC20EE21-1049-48AF-A876-EE522111F75B}.Debug|Any CPU.Build.0 = Debug|Any CPU
		{FC20EE21-1049-48AF-A876-EE522111F75B}.Release|Any CPU.ActiveCfg = Release|Any CPU
		{FC20EE21-1049-48AF-A876-EE522111F75B}.Release|Any CPU.Build.0 = Release|Any CPU
		{2334F39C-C911-4AFC-9739-000BF2F15131}.Debug|Any CPU.ActiveCfg = Debug|Any CPU
		{2334F39C-C911-4AFC-9739-000BF2F15131}.Debug|Any CPU.Build.0 = Debug|Any CPU
		{2334F39C-C911-4AFC-9739-000BF2F15131}.Release|Any CPU.ActiveCfg = Release|Any CPU
		{2334F39C-C911-4AFC-9739-000BF2F15131}.Release|Any CPU.Build.0 = Release|Any CPU
	EndGlobalSection
	GlobalSection(SolutionProperties) = preSolution
		HideSolutionNode = FALSE
	EndGlobalSection
	GlobalSection(ExtensibilityGlobals) = postSolution
		SolutionGuid = {96F2FEF7-5CD5-40FC-B731-0142B5FEBD73}
	EndGlobalSection
EndGlobal
